
Microsoft Visual Studio Solution File, Format Version 12.00
# Visual Studio 15
VisualStudioVersion = 15.0.27004.2002
MinimumVisualStudioVersion = 10.0.40219.1
Project("{FAE04EC0-301F-11D3-BF4B-00C04F79EFBC}") = "QuickScheduler", "QuickScheduler\QuickScheduler.csproj", "{1E5A6AF8-C6D6-4245-9555-8341D8F6EA68}"
EndProject
Project("{FAE04EC0-301F-11D3-BF4B-00C04F79EFBC}") = "QuickScheduler.QuickQuartz", "QuickScheduler.QuickQuartz\QuickScheduler.QuickQuartz.csproj", "{37CB725C-A888-4573-B65E-6F39B63D62DA}"
EndProject
Project("{FAE04EC0-301F-11D3-BF4B-00C04F79EFBC}") = "QuickScheduler.ConsoleApp", "QuickScheduler.ConsoleApp\QuickScheduler.ConsoleApp.csproj", "{827DF16F-7AB5-4EC7-8A94-1191FD52F91E}"
EndProject
Global
	GlobalSection(SolutionConfigurationPlatforms) = preSolution
		Debug|Any CPU = Debug|Any CPU
		Release|Any CPU = Release|Any CPU
	EndGlobalSection
	GlobalSection(ProjectConfigurationPlatforms) = postSolution
		{1E5A6AF8-C6D6-4245-9555-8341D8F6EA68}.Debug|Any CPU.ActiveCfg = Debug|Any CPU
		{1E5A6AF8-C6D6-4245-9555-8341D8F6EA68}.Debug|Any CPU.Build.0 = Debug|Any CPU
		{1E5A6AF8-C6D6-4245-9555-8341D8F6EA68}.Release|Any CPU.ActiveCfg = Release|Any CPU
		{1E5A6AF8-C6D6-4245-9555-8341D8F6EA68}.Release|Any CPU.Build.0 = Release|Any CPU
		{37CB725C-A888-4573-B65E-6F39B63D62DA}.Debug|Any CPU.ActiveCfg = Debug|Any CPU
		{37CB725C-A888-4573-B65E-6F39B63D62DA}.Debug|Any CPU.Build.0 = Debug|Any CPU
		{37CB725C-A888-4573-B65E-6F39B63D62DA}.Release|Any CPU.ActiveCfg = Release|Any CPU
		{37CB725C-A888-4573-B65E-6F39B63D62DA}.Release|Any CPU.Build.0 = Release|Any CPU
		{827DF16F-7AB5-4EC7-8A94-1191FD52F91E}.Debug|Any CPU.ActiveCfg = Debug|Any CPU
		{827DF16F-7AB5-4EC7-8A94-1191FD52F91E}.Debug|Any CPU.Build.0 = Debug|Any CPU
		{827DF16F-7AB5-4EC7-8A94-1191FD52F91E}.Release|Any CPU.ActiveCfg = Release|Any CPU
		{827DF16F-7AB5-4EC7-8A94-1191FD52F91E}.Release|Any CPU.Build.0 = Release|Any CPU
	EndGlobalSection
	GlobalSection(SolutionProperties) = preSolution
		HideSolutionNode = FALSE
	EndGlobalSection
	GlobalSection(ExtensibilityGlobals) = postSolution
		SolutionGuid = {80EA34DB-CC29-4B76-9FCA-90FE0F2C1167}
	EndGlobalSection
EndGlobal
